
Microsoft Visual Studio Solution File, Format Version 12.00
# Visual Studio Version 17
VisualStudioVersion = 17.4.33205.214
MinimumVisualStudioVersion = 10.0.40219.1
Project("{2150E333-8FDC-42A3-9474-1A3956D46DE8}") = "Core", "Core", "{48494EAA-E0EB-40BF-A9C9-41425160D8E2}"
EndProject
Project("{2150E333-8FDC-42A3-9474-1A3956D46DE8}") = "Infra", "Infra", "{1FC6EA95-BB3E-4A45-97E3-0F6ACDE2E742}"
EndProject
Project("{FAE04EC0-301F-11D3-BF4B-00C04F79EFBC}") = "Domain", "Domain\Domain.csproj", "{68C8FE6F-B473-45BF-8AA2-D47AEAC4ED6F}"
EndProject
Project("{FAE04EC0-301F-11D3-BF4B-00C04F79EFBC}") = "Application", "Application\Application.csproj", "{B34D67CE-DEBD-4ACB-8AC4-D7CABB3B9B22}"
EndProject
Project("{FAE04EC0-301F-11D3-BF4B-00C04F79EFBC}") = "Infrastructure", "Infrastructure\Infrastructure.csproj", "{939E453D-BD5E-4F0F-97B7-7F352EFD2F9C}"
EndProject
Project("{2150E333-8FDC-42A3-9474-1A3956D46DE8}") = "Host", "Host", "{786A2F09-C4D6-405A-A186-248CCFA1FCF1}"
EndProject
Project("{FAE04EC0-301F-11D3-BF4B-00C04F79EFBC}") = "WebApi", "WebApi\WebApi.csproj", "{9BAC6073-D4A8-4FA7-91CE-3F44FE84F174}"
EndProject
Global
	GlobalSection(SolutionConfigurationPlatforms) = preSolution
		Debug|Any CPU = Debug|Any CPU
		Release|Any CPU = Release|Any CPU
	EndGlobalSection
	GlobalSection(ProjectConfigurationPlatforms) = postSolution
		{68C8FE6F-B473-45BF-8AA2-D47AEAC4ED6F}.Debug|Any CPU.ActiveCfg = Debug|Any CPU
		{68C8FE6F-B473-45BF-8AA2-D47AEAC4ED6F}.Debug|Any CPU.Build.0 = Debug|Any CPU
		{68C8FE6F-B473-45BF-8AA2-D47AEAC4ED6F}.Release|Any CPU.ActiveCfg = Release|Any CPU
		{68C8FE6F-B473-45BF-8AA2-D47AEAC4ED6F}.Release|Any CPU.Build.0 = Release|Any CPU
		{B34D67CE-DEBD-4ACB-8AC4-D7CABB3B9B22}.Debug|Any CPU.ActiveCfg = Debug|Any CPU
		{B34D67CE-DEBD-4ACB-8AC4-D7CABB3B9B22}.Debug|Any CPU.Build.0 = Debug|Any CPU
		{B34D67CE-DEBD-4ACB-8AC4-D7CABB3B9B22}.Release|Any CPU.ActiveCfg = Release|Any CPU
		{B34D67CE-DEBD-4ACB-8AC4-D7CABB3B9B22}.Release|Any CPU.Build.0 = Release|Any CPU
		{939E453D-BD5E-4F0F-97B7-7F352EFD2F9C}.Debug|Any CPU.ActiveCfg = Debug|Any CPU
		{939E453D-BD5E-4F0F-97B7-7F352EFD2F9C}.Debug|Any CPU.Build.0 = Debug|Any CPU
		{939E453D-BD5E-4F0F-97B7-7F352EFD2F9C}.Release|Any CPU.ActiveCfg = Release|Any CPU
		{939E453D-BD5E-4F0F-97B7-7F352EFD2F9C}.Release|Any CPU.Build.0 = Release|Any CPU
		{9BAC6073-D4A8-4FA7-91CE-3F44FE84F174}.Debug|Any CPU.ActiveCfg = Debug|Any CPU
		{9BAC6073-D4A8-4FA7-91CE-3F44FE84F174}.Debug|Any CPU.Build.0 = Debug|Any CPU
		{9BAC6073-D4A8-4FA7-91CE-3F44FE84F174}.Release|Any CPU.ActiveCfg = Release|Any CPU
		{9BAC6073-D4A8-4FA7-91CE-3F44FE84F174}.Release|Any CPU.Build.0 = Release|Any CPU
	EndGlobalSection
	GlobalSection(SolutionProperties) = preSolution
		HideSolutionNode = FALSE
	EndGlobalSection
	GlobalSection(NestedProjects) = preSolution
		{68C8FE6F-B473-45BF-8AA2-D47AEAC4ED6F} = {48494EAA-E0EB-40BF-A9C9-41425160D8E2}
		{B34D67CE-DEBD-4ACB-8AC4-D7CABB3B9B22} = {48494EAA-E0EB-40BF-A9C9-41425160D8E2}
		{939E453D-BD5E-4F0F-97B7-7F352EFD2F9C} = {1FC6EA95-BB3E-4A45-97E3-0F6ACDE2E742}
		{9BAC6073-D4A8-4FA7-91CE-3F44FE84F174} = {786A2F09-C4D6-405A-A186-248CCFA1FCF1}
	EndGlobalSection
	GlobalSection(ExtensibilityGlobals) = postSolution
		SolutionGuid = {71618113-D897-4209-8901-05206105E810}
	EndGlobalSection
EndGlobal
